// !$*UTF8*$!
{
	archiveVersion = 1;
	classes = {
	};
	objectVersion = 46;
	objects = {

/* Begin PBXBuildFile section */
		2E6FB7E01DA43C6800C5A04C /* AppDelegate.swift in Sources */ = {isa = PBXBuildFile; fileRef = 2E6FB7DF1DA43C6800C5A04C /* AppDelegate.swift */; };
		2E6FB7E21DA43C6800C5A04C /* ViewController.swift in Sources */ = {isa = PBXBuildFile; fileRef = 2E6FB7E11DA43C6800C5A04C /* ViewController.swift */; };
		2E6FB7E51DA43C6800C5A04C /* Main.storyboard in Resources */ = {isa = PBXBuildFile; fileRef = 2E6FB7E31DA43C6800C5A04C /* Main.storyboard */; };
		2E6FB7E71DA43C6800C5A04C /* Assets.xcassets in Resources */ = {isa = PBXBuildFile; fileRef = 2E6FB7E61DA43C6800C5A04C /* Assets.xcassets */; };
		2E6FB7EA1DA43C6800C5A04C /* LaunchScreen.storyboard in Resources */ = {isa = PBXBuildFile; fileRef = 2E6FB7E81DA43C6800C5A04C /* LaunchScreen.storyboard */; };
/* End PBXBuildFile section */

/* Begin PBXFileReference section */
		2E6FB7DC1DA43C6800C5A04C /* Scorekeeper.app */ = {isa = PBXFileReference; explicitFileType = wrapper.application; includeInIndex = 0; path = Scorekeeper.app; sourceTree = BUILT_PRODUCTS_DIR; };
		2E6FB7DF1DA43C6800C5A04C /* AppDelegate.swift */ = {isa = PBXFileReference; lastKnownFileType = sourcecode.swift; path = AppDelegate.swift; sourceTree = "<group>"; };
		2E6FB7E11DA43C6800C5A04C /* ViewController.swift */ = {isa = PBXFileReference; lastKnownFileType = sourcecode.swift; path = ViewController.swift; sourceTree = "<group>"; };
		2E6FB7E41DA43C6800C5A04C /* Base */ = {isa = PBXFileReference; lastKnownFileType = file.storyboard; name = Base; path = Base.lproj/Main.storyboard; sourceTree = "<group>"; };
		2E6FB7E61DA43C6800C5A04C /* Assets.xcassets */ = {isa = PBXFileReference; lastKnownFileType = folder.assetcatalog; path = Assets.xcassets; sourceTree = "<group>"; };
		2E6FB7E91DA43C6800C5A04C /* Base */ = {isa = PBXFileReference; lastKnownFileType = file.storyboard; name = Base; path = Base.lproj/LaunchScreen.storyboard; sourceTree = "<group>"; };
		2E6FB7EB1DA43C6800C5A04C /* Info.plist */ = {isa = PBXFileReference; lastKnownFileType = text.plist.xml; path = Info.plist; sourceTree = "<group>"; };
/* End PBXFileReference section */

/* Begin PBXFrameworksBuildPhase section */
		2E6FB7D91DA43C6800C5A04C /* Frameworks */ = {
			isa = PBXFrameworksBuildPhase;
			buildActionMask = 2147483647;
			files = (
			);
			runOnlyForDeploymentPostprocessing = 0;
		};
/* End PBXFrameworksBuildPhase section */

/* Begin PBXGroup section */
		2E6FB7D31DA43C6800C5A04C = {
			isa = PBXGroup;
			children = (
				2E6FB7DE1DA43C6800C5A04C /* Scorekeeper */,
				2E6FB7DD1DA43C6800C5A04C /* Products */,
			);
			sourceTree = "<group>";
		};
		2E6FB7DD1DA43C6800C5A04C /* Products */ = {
			isa = PBXGroup;
			children = (
				2E6FB7DC1DA43C6800C5A04C /* Scorekeeper.app */,
			);
			name = Products;
			sourceTree = "<group>";
		};
		2E6FB7DE1DA43C6800C5A04C /* Scorekeeper */ = {
			isa = PBXGroup;
			children = (
				2E6FB7DF1DA43C6800C5A04C /* AppDelegate.swift */,
				2E6FB7E11DA43C6800C5A04C /* ViewController.swift */,
				2E6FB7E31DA43C6800C5A04C /* Main.storyboard */,
				2E6FB7E61DA43C6800C5A04C /* Assets.xcassets */,
				2E6FB7E81DA43C6800C5A04C /* LaunchScreen.storyboard */,
				2E6FB7EB1DA43C6800C5A04C /* Info.plist */,
			);
			path = Scorekeeper;
			sourceTree = "<group>";
		};
/* End PBXGroup section */

/* Begin PBXNativeTarget section */
		2E6FB7DB1DA43C6800C5A04C /* Scorekeeper */ = {
			isa = PBXNativeTarget;
			buildConfigurationList = 2E6FB7EE1DA43C6800C5A04C /* Build configuration list for PBXNativeTarget "Scorekeeper" */;
			buildPhases = (
				2E6FB7D81DA43C6800C5A04C /* Sources */,
				2E6FB7D91DA43C6800C5A04C /* Frameworks */,
				2E6FB7DA1DA43C6800C5A04C /* Resources */,
			);
			buildRules = (
			);
			dependencies = (
			);
			name = Scorekeeper;
			productName = Scorekeeper;
			productReference = 2E6FB7DC1DA43C6800C5A04C /* Scorekeeper.app */;
			productType = "com.apple.product-type.application";
		};
/* End PBXNativeTarget section */

/* Begin PBXProject section */
		2E6FB7D41DA43C6800C5A04C /* Project object */ = {
			isa = PBXProject;
			attributes = {
				LastSwiftUpdateCheck = 0800;
				LastUpgradeCheck = 0800;
				ORGANIZATIONNAME = "Cal Stephens";
				TargetAttributes = {
					2E6FB7DB1DA43C6800C5A04C = {
						CreatedOnToolsVersion = 8.0;
						DevelopmentTeam = FZ89A5SZ7C;
						ProvisioningStyle = Automatic;
					};
				};
			};
			buildConfigurationList = 2E6FB7D71DA43C6800C5A04C /* Build configuration list for PBXProject "Scorekeeper" */;
			compatibilityVersion = "Xcode 3.2";
			developmentRegion = English;
			hasScannedForEncodings = 0;
			knownRegions = (
				en,
				Base,
			);
			mainGroup = 2E6FB7D31DA43C6800C5A04C;
			productRefGroup = 2E6FB7DD1DA43C6800C5A04C /* Products */;
			projectDirPath = "";
			projectRoot = "";
			targets = (
				2E6FB7DB1DA43C6800C5A04C /* Scorekeeper */,
			);
		};
/* End PBXProject section */

/* Begin PBXResourcesBuildPhase section */
		2E6FB7DA1DA43C6800C5A04C /* Resources */ = {
			isa = PBXResourcesBuildPhase;
			buildActionMask = 2147483647;
			files = (
				2E6FB7EA1DA43C6800C5A04C /* LaunchScreen.storyboard in Resources */,
				2E6FB7E71DA43C6800C5A04C /* Assets.xcassets in Resources */,
				2E6FB7E51DA43C6800C5A04C /* Main.storyboard in Resources */,
			);
			runOnlyForDeploymentPostprocessing = 0;
		};
/* End PBXResourcesBuildPhase section */

/* Begin PBXSourcesBuildPhase section */
		2E6FB7D81DA43C6800C5A04C /* Sources */ = {
			isa = PBXSourcesBuildPhase;
			buildActionMask = 2147483647;
			files = (
				2E6FB7E21DA43C6800C5A04C /* ViewController.swift in Sources */,
				2E6FB7E01DA43C6800C5A04C /* AppDelegate.swift in Sources */,
			);
			runOnlyForDeploymentPostprocessing = 0;
		};
/* End PBXSourcesBuildPhase section */

/* Begin PBXVariantGroup section */
		2E6FB7E31DA43C6800C5A04C /* Main.storyboard */ = {
			isa = PBXVariantGroup;
			children = (
				2E6FB7E41DA43C6800C5A04C /* Base */,
			);
			name = Main.storyboard;
			sourceTree = "<group>";
		};
		2E6FB7E81DA43C6800C5A04C /* LaunchScreen.storyboard */ = {
			isa = PBXVariantGroup;
			children = (
				2E6FB7E91DA43C6800C5A04C /* Base */,
			);
			name = LaunchScreen.storyboard;
			sourceTree = "<group>";
		};
/* End PBXVariantGroup section */

/* Begin XCBuildConfiguration section */
		2E6FB7EC1DA43C6800C5A04C /* Debug */ = {
			isa = XCBuildConfiguration;
			buildSettings = {
				ALWAYS_SEARCH_USER_PATHS = NO;
				CLANG_ANALYZER_NONNULL = YES;
				CLANG_CXX_LANGUAGE_STANDARD = "gnu++0x";
				CLANG_CXX_LIBRARY = "libc++";
				CLANG_ENABLE_MODULES = YES;
				CLANG_ENABLE_OBJC_ARC = YES;
				CLANG_WARN_BOOL_CONVERSION = YES;
				CLANG_WARN_CONSTANT_CONVERSION = YES;
				CLANG_WARN_DIRECT_OBJC_ISA_USAGE = YES_ERROR;
				CLANG_WARN_DOCUMENTATION_COMMENTS = YES;
				CLANG_WARN_EMPTY_BODY = YES;
				CLANG_WARN_ENUM_CONVERSION = YES;
				CLANG_WARN_INFINITE_RECURSION = YES;
				CLANG_WARN_INT_CONVERSION = YES;
				CLANG_WARN_OBJC_ROOT_CLASS = YES_ERROR;
				CLANG_WARN_SUSPICIOUS_MOVES = YES;
				CLANG_WARN_UNREACHABLE_CODE = YES;
				CLANG_WARN__DUPLICATE_METHOD_MATCH = YES;
				"CODE_SIGN_IDENTITY[sdk=iphoneos*]" = "iPhone Developer";
				COPY_PHASE_STRIP = NO;
				DEBUG_INFORMATION_FORMAT = dwarf;
				ENABLE_STRICT_OBJC_MSGSEND = YES;
				ENABLE_TESTABILITY = YES;
				GCC_C_LANGUAGE_STANDARD = gnu99;
				GCC_DYNAMIC_NO_PIC = NO;
				GCC_NO_COMMON_BLOCKS = YES;
				GCC_OPTIMIZATION_LEVEL = 0;
				GCC_PREPROCESSOR_DEFINITIONS = (
					"DEBUG=1",
					"$(inherited)",
				);
				GCC_WARN_64_TO_32_BIT_CONVERSION = YES;
				GCC_WARN_ABOUT_RETURN_TYPE = YES_ERROR;
				GCC_WARN_UNDECLARED_SELECTOR = YES;
				GCC_WARN_UNINITIALIZED_AUTOS = YES_AGGRESSIVE;
				GCC_WARN_UNUSED_FUNCTION = YES;
				GCC_WARN_UNUSED_VARIABLE = YES;
				IPHONEOS_DEPLOYMENT_TARGET = 10.0;
				MTL_ENABLE_DEBUG_INFO = YES;
				ONLY_ACTIVE_ARCH = YES;
				SDKROOT = iphoneos;
				SWIFT_ACTIVE_COMPILATION_CONDITIONS = DEBUG;
				SWIFT_OPTIMIZATION_LEVEL = "-Onone";
				TARGETED_DEVICE_FAMILY = "1,2";
			};
			name = Debug;
		};
		2E6FB7ED1DA43C6800C5A04C /* Release */ = {
			isa = XCBuildConfiguration;
			buildSettings = {
				ALWAYS_SEARCH_USER_PATHS = NO;
				CLANG_ANALYZER_NONNULL = YES;
				CLANG_CXX_LANGUAGE_STANDARD = "gnu++0x";
				CLANG_CXX_LIBRARY = "libc++";
				CLANG_ENABLE_MODULES = YES;
				CLANG_ENABLE_OBJC_ARC = YES;
				CLANG_WARN_BOOL_CONVERSION = YES;
				CLANG_WARN_CONSTANT_CONVERSION = YES;
				CLANG_WARN_DIRECT_OBJC_ISA_USAGE = YES_ERROR;
				CLANG_WARN_DOCUMENTATION_COMMENTS = YES;
				CLANG_WARN_EMPTY_BODY = YES;
				CLANG_WARN_ENUM_CONVERSION = YES;
				CLANG_WARN_INFINITE_RECURSION = YES;
				CLANG_WARN_INT_CONVERSION = YES;
				CLANG_WARN_OBJC_ROOT_CLASS = YES_ERROR;
				CLANG_WARN_SUSPICIOUS_MOVES = YES;
				CLANG_WARN_UNREACHABLE_CODE = YES;
				CLANG_WARN__DUPLICATE_METHOD_MATCH = YES;
				"CODE_SIGN_IDENTITY[sdk=iphoneos*]" = "iPhone Developer";
				COPY_PHASE_STRIP = NO;
				DEBUG_INFORMATION_FORMAT = "dwarf-with-dsym";
				ENABLE_NS_ASSERTIONS = NO;
				ENABLE_STRICT_OBJC_MSGSEND = YES;
				GCC_C_LANGUAGE_STANDARD = gnu99;
				GCC_NO_COMMON_BLOCKS = YES;
				GCC_WARN_64_TO_32_BIT_CONVERSION = YES;
				GCC_WARN_ABOUT_RETURN_TYPE = YES_ERROR;
				GCC_WARN_UNDECLARED_SELECTOR = YES;
				GCC_WARN_UNINITIALIZED_AUTOS = YES_AGGRESSIVE;
				GCC_WARN_UNUSED_FUNCTION = YES;
				GCC_WARN_UNUSED_VARIABLE = YES;
				IPHONEOS_DEPLOYMENT_TARGET = 10.0;
				MTL_ENABLE_DEBUG_INFO = NO;
				SDKROOT = iphoneos;
				SWIFT_OPTIMIZATION_LEVEL = "-Owholemodule";
				TARGETED_DEVICE_FAMILY = "1,2";
				VALIDATE_PRODUCT = YES;
			};
			name = Release;
		};
		2E6FB7EF1DA43C6800C5A04C /* Debug */ = {
			isa = XCBuildConfiguration;
			buildSettings = {
				ASSETCATALOG_COMPILER_APPICON_NAME = AppIcon;
				DEVELOPMENT_TEAM = FZ89A5SZ7C;
				INFOPLIST_FILE = Scorekeeper/Info.plist;
				LD_RUNPATH_SEARCH_PATHS = "$(inherited) @executable_path/Frameworks";
				PRODUCT_BUNDLE_IDENTIFIER = tech.calstephens.Scorekeeper;
				PRODUCT_NAME = "$(TARGET_NAME)";
				SWIFT_VERSION = 3.0;
			};
			name = Debug;
		};
		2E6FB7F01DA43C6800C5A04C /* Release */ = {
			isa = XCBuildConfiguration;
			buildSettings = {
				ASSETCATALOG_COMPILER_APPICON_NAME = AppIcon;
				DEVELOPMENT_TEAM = FZ89A5SZ7C;
				INFOPLIST_FILE = Scorekeeper/Info.plist;
				LD_RUNPATH_SEARCH_PATHS = "$(inherited) @executable_path/Frameworks";
				PRODUCT_BUNDLE_IDENTIFIER = tech.calstephens.Scorekeeper;
				PRODUCT_NAME = "$(TARGET_NAME)";
				SWIFT_VERSION = 3.0;
			};
			name = Release;
		};
/* End XCBuildConfiguration section */

/* Begin XCConfigurationList section */
		2E6FB7D71DA43C6800C5A04C /* Build configuration list for PBXProject "Scorekeeper" */ = {
			isa = XCConfigurationList;
			buildConfigurations = (
				2E6FB7EC1DA43C6800C5A04C /* Debug */,
				2E6FB7ED1DA43C6800C5A04C /* Release */,
			);
			defaultConfigurationIsVisible = 0;
			defaultConfigurationName = Release;
		};
		2E6FB7EE1DA43C6800C5A04C /* Build configuration list for PBXNativeTarget "Scorekeeper" */ = {
			isa = XCConfigurationList;
			buildConfigurations = (
				2E6FB7EF1DA43C6800C5A04C /* Debug */,
				2E6FB7F01DA43C6800C5A04C /* Release */,
			);
			defaultConfigurationIsVisible = 0;
		};
/* End XCConfigurationList section */
	};
	rootObject = 2E6FB7D41DA43C6800C5A04C /* Project object */;
}
